
Microsoft Visual Studio Solution File, Format Version 12.00
# Visual Studio Version 16
VisualStudioVersion = 16.0.29215.179
MinimumVisualStudioVersion = 10.0.40219.1
Project("{2150E333-8FDC-42A3-9474-1A3956D46DE8}") = "_Solution Items", "_Solution Items", "{04E81A4C-C53F-440B-92DD-2F53804792DC}"
	ProjectSection(SolutionItems) = preProject
		DFC.App.JobProfile.ProfileService\.editorconfig = DFC.App.JobProfile.ProfileService\.editorconfig
		.gitignore = .gitignore
		DFC.Digital.CodeAnalysis.ruleset = DFC.Digital.CodeAnalysis.ruleset
		LICENSE = LICENSE
		README.md = README.md
		SetUpJobProfiles.postman_collection.json = SetUpJobProfiles.postman_collection.json
		stylecop.json = stylecop.json
		UnitTests.CodeAnalysis.ruleset = UnitTests.CodeAnalysis.ruleset
	EndProjectSection
EndProject
Project("{9A19103F-16F7-4668-BE54-9A1E7A4F7556}") = "DFC.App.JobProfile", "DFC.App.JobProfile\DFC.App.JobProfile.csproj", "{2290A618-E5D5-40DA-961E-0F4DF16A74FB}"
EndProject
Project("{9A19103F-16F7-4668-BE54-9A1E7A4F7556}") = "DFC.App.JobProfile.ContentAPI", "DFC.App.JobProfile.ContentAPI\DFC.App.JobProfile.ContentAPI.csproj", "{6C9AD49C-D863-4807-8D1E-6D7F56402925}"
EndProject
Project("{9A19103F-16F7-4668-BE54-9A1E7A4F7556}") = "DFC.App.JobProfile.EventProcessing", "DFC.App.JobProfile.EventProcessing\DFC.App.JobProfile.EventProcessing.csproj", "{C6DFEE40-79D0-4626-9C45-AB052C1CF713}"
EndProject
Project("{9A19103F-16F7-4668-BE54-9A1E7A4F7556}") = "DFC.App.Services.Common", "DFC.App.Services.Common\DFC.App.Services.Common.csproj", "{9E09294A-197A-4D9A-99FD-4A9DBE8C567B}"
EndProject
Project("{9A19103F-16F7-4668-BE54-9A1E7A4F7556}") = "DFC.App.JobProfile.Webhooks", "DFC.App.JobProfile.Webhooks\DFC.App.JobProfile.Webhooks.csproj", "{1D06B983-A173-4FD4-803F-ADE08E4A3AC8}"
EndProject
Project("{9A19103F-16F7-4668-BE54-9A1E7A4F7556}") = "DFC.App.JobProfile.Data", "DFC.App.JobProfile.Data\DFC.App.JobProfile.Data.csproj", "{15B13E60-FA27-48F5-A32B-E6DA4E8E18F8}"
EndProject
Project("{9A19103F-16F7-4668-BE54-9A1E7A4F7556}") = "DFC.App.JobProfile.ViewSupport", "DFC.App.JobProfile.ViewSupport\DFC.App.JobProfile.ViewSupport.csproj", "{0F6E06E5-E92B-4BE2-884D-6DBE9B3D44A5}"
EndProject
Project("{9A19103F-16F7-4668-BE54-9A1E7A4F7556}") = "DFC.App.JobProfile.Cacheing", "DFC.App.JobProfile.Cacheing\DFC.App.JobProfile.Cacheing.csproj", "{AA92FDBC-D3B6-4131-B813-366C4ED8C91C}"
EndProject
Project("{9A19103F-16F7-4668-BE54-9A1E7A4F7556}") = "DFC.App.Services.Common.Tests", "DFC.App.Services.Common.Tests\DFC.App.Services.Common.Tests.csproj", "{9D15B290-4FFC-46E3-A9F1-39C410B24F6C}"
EndProject
Project("{9A19103F-16F7-4668-BE54-9A1E7A4F7556}") = "DFC.App.JobProfile.UnitTests", "DFC.App.JobProfile.UnitTests\DFC.App.JobProfile.UnitTests.csproj", "{7D61AF8F-0EDF-4F5B-B11C-5F9E53E089D3}"
EndProject
Project("{2150E333-8FDC-42A3-9474-1A3956D46DE8}") = "Tests", "Tests", "{88FD4BD4-9488-4A50-B2C9-FAD6123A86FF}"
EndProject
Global
	GlobalSection(SolutionConfigurationPlatforms) = preSolution
		Debug|Any CPU = Debug|Any CPU
		Release|Any CPU = Release|Any CPU
	EndGlobalSection
	GlobalSection(ProjectConfigurationPlatforms) = postSolution
		{2290A618-E5D5-40DA-961E-0F4DF16A74FB}.Debug|Any CPU.ActiveCfg = Debug|Any CPU
		{2290A618-E5D5-40DA-961E-0F4DF16A74FB}.Debug|Any CPU.Build.0 = Debug|Any CPU
		{2290A618-E5D5-40DA-961E-0F4DF16A74FB}.Release|Any CPU.ActiveCfg = Release|Any CPU
		{2290A618-E5D5-40DA-961E-0F4DF16A74FB}.Release|Any CPU.Build.0 = Release|Any CPU
		{6C9AD49C-D863-4807-8D1E-6D7F56402925}.Debug|Any CPU.ActiveCfg = Debug|Any CPU
		{6C9AD49C-D863-4807-8D1E-6D7F56402925}.Debug|Any CPU.Build.0 = Debug|Any CPU
		{6C9AD49C-D863-4807-8D1E-6D7F56402925}.Release|Any CPU.ActiveCfg = Release|Any CPU
		{6C9AD49C-D863-4807-8D1E-6D7F56402925}.Release|Any CPU.Build.0 = Release|Any CPU
		{C6DFEE40-79D0-4626-9C45-AB052C1CF713}.Debug|Any CPU.ActiveCfg = Debug|Any CPU
		{C6DFEE40-79D0-4626-9C45-AB052C1CF713}.Debug|Any CPU.Build.0 = Debug|Any CPU
		{C6DFEE40-79D0-4626-9C45-AB052C1CF713}.Release|Any CPU.ActiveCfg = Release|Any CPU
		{C6DFEE40-79D0-4626-9C45-AB052C1CF713}.Release|Any CPU.Build.0 = Release|Any CPU
		{9E09294A-197A-4D9A-99FD-4A9DBE8C567B}.Debug|Any CPU.ActiveCfg = Debug|Any CPU
		{9E09294A-197A-4D9A-99FD-4A9DBE8C567B}.Debug|Any CPU.Build.0 = Debug|Any CPU
		{9E09294A-197A-4D9A-99FD-4A9DBE8C567B}.Release|Any CPU.ActiveCfg = Release|Any CPU
		{9E09294A-197A-4D9A-99FD-4A9DBE8C567B}.Release|Any CPU.Build.0 = Release|Any CPU
		{1D06B983-A173-4FD4-803F-ADE08E4A3AC8}.Debug|Any CPU.ActiveCfg = Debug|Any CPU
		{1D06B983-A173-4FD4-803F-ADE08E4A3AC8}.Debug|Any CPU.Build.0 = Debug|Any CPU
		{1D06B983-A173-4FD4-803F-ADE08E4A3AC8}.Release|Any CPU.ActiveCfg = Release|Any CPU
		{1D06B983-A173-4FD4-803F-ADE08E4A3AC8}.Release|Any CPU.Build.0 = Release|Any CPU
		{15B13E60-FA27-48F5-A32B-E6DA4E8E18F8}.Debug|Any CPU.ActiveCfg = Debug|Any CPU
		{15B13E60-FA27-48F5-A32B-E6DA4E8E18F8}.Debug|Any CPU.Build.0 = Debug|Any CPU
		{15B13E60-FA27-48F5-A32B-E6DA4E8E18F8}.Release|Any CPU.ActiveCfg = Release|Any CPU
		{15B13E60-FA27-48F5-A32B-E6DA4E8E18F8}.Release|Any CPU.Build.0 = Release|Any CPU
		{0F6E06E5-E92B-4BE2-884D-6DBE9B3D44A5}.Debug|Any CPU.ActiveCfg = Debug|Any CPU
		{0F6E06E5-E92B-4BE2-884D-6DBE9B3D44A5}.Debug|Any CPU.Build.0 = Debug|Any CPU
		{0F6E06E5-E92B-4BE2-884D-6DBE9B3D44A5}.Release|Any CPU.ActiveCfg = Release|Any CPU
		{0F6E06E5-E92B-4BE2-884D-6DBE9B3D44A5}.Release|Any CPU.Build.0 = Release|Any CPU
		{AA92FDBC-D3B6-4131-B813-366C4ED8C91C}.Debug|Any CPU.ActiveCfg = Debug|Any CPU
		{AA92FDBC-D3B6-4131-B813-366C4ED8C91C}.Debug|Any CPU.Build.0 = Debug|Any CPU
		{AA92FDBC-D3B6-4131-B813-366C4ED8C91C}.Release|Any CPU.ActiveCfg = Release|Any CPU
		{AA92FDBC-D3B6-4131-B813-366C4ED8C91C}.Release|Any CPU.Build.0 = Release|Any CPU
		{9D15B290-4FFC-46E3-A9F1-39C410B24F6C}.Debug|Any CPU.ActiveCfg = Debug|Any CPU
		{9D15B290-4FFC-46E3-A9F1-39C410B24F6C}.Debug|Any CPU.Build.0 = Debug|Any CPU
		{9D15B290-4FFC-46E3-A9F1-39C410B24F6C}.Release|Any CPU.ActiveCfg = Release|Any CPU
		{9D15B290-4FFC-46E3-A9F1-39C410B24F6C}.Release|Any CPU.Build.0 = Release|Any CPU
		{7D61AF8F-0EDF-4F5B-B11C-5F9E53E089D3}.Debug|Any CPU.ActiveCfg = Debug|Any CPU
		{7D61AF8F-0EDF-4F5B-B11C-5F9E53E089D3}.Debug|Any CPU.Build.0 = Debug|Any CPU
		{7D61AF8F-0EDF-4F5B-B11C-5F9E53E089D3}.Release|Any CPU.ActiveCfg = Release|Any CPU
		{7D61AF8F-0EDF-4F5B-B11C-5F9E53E089D3}.Release|Any CPU.Build.0 = Release|Any CPU
	EndGlobalSection
	GlobalSection(SolutionProperties) = preSolution
		HideSolutionNode = FALSE
	EndGlobalSection
	GlobalSection(NestedProjects) = preSolution
		{9D15B290-4FFC-46E3-A9F1-39C410B24F6C} = {88FD4BD4-9488-4A50-B2C9-FAD6123A86FF}
		{7D61AF8F-0EDF-4F5B-B11C-5F9E53E089D3} = {88FD4BD4-9488-4A50-B2C9-FAD6123A86FF}
	EndGlobalSection
	GlobalSection(ExtensibilityGlobals) = postSolution
		SolutionGuid = {ED3C7131-FE57-4FB5-ADDB-18D199004BEE}
	EndGlobalSection
EndGlobal
