
Microsoft Visual Studio Solution File, Format Version 12.00
# Visual Studio Version 16
VisualStudioVersion = 16.0.29215.179
MinimumVisualStudioVersion = 10.0.40219.1
Project("{FAE04EC0-301F-11D3-BF4B-00C04F79EFBC}") = "DFC.App.JobProfile", "DFC.App.JobProfile\DFC.App.JobProfile.csproj", "{8FD8EB5A-1255-4B74-8E9D-07344C744C08}"
EndProject
Project("{2150E333-8FDC-42A3-9474-1A3956D46DE8}") = "_Solution Items", "_Solution Items", "{04E81A4C-C53F-440B-92DD-2F53804792DC}"
	ProjectSection(SolutionItems) = preProject
		DFC.App.JobProfile.ProfileService\.editorconfig = DFC.App.JobProfile.ProfileService\.editorconfig
		.gitignore = .gitignore
		DFC.Digital.CodeAnalysis.ruleset = DFC.Digital.CodeAnalysis.ruleset
		LICENSE = LICENSE
		README.md = README.md
		SetUpJobProfiles.postman_collection.json = SetUpJobProfiles.postman_collection.json
		stylecop.json = stylecop.json
		UnitTests.CodeAnalysis.ruleset = UnitTests.CodeAnalysis.ruleset
	EndProjectSection
EndProject
Project("{2150E333-8FDC-42A3-9474-1A3956D46DE8}") = "Tests", "Tests", "{89AE2C55-7A1D-46EA-8C08-36C3D225B562}"
EndProject
Project("{FAE04EC0-301F-11D3-BF4B-00C04F79EFBC}") = "DFC.App.JobProfile.Data", "DFC.App.JobProfile.Data\DFC.App.JobProfile.Data.csproj", "{391DB827-7C35-405B-9635-07543266A21D}"
EndProject
Project("{FAE04EC0-301F-11D3-BF4B-00C04F79EFBC}") = "DFC.App.JobProfile.Cacheing", "DFC.App.JobProfile.Cacheing\DFC.App.JobProfile.Cacheing.csproj", "{017252A7-6774-40F6-A3CC-234EC2FC5ED0}"
EndProject
Project("{FAE04EC0-301F-11D3-BF4B-00C04F79EFBC}") = "DFC.App.JobProfile.EventProcessing", "DFC.App.JobProfile.EventProcessing\DFC.App.JobProfile.EventProcessing.csproj", "{2AE100F6-E08E-49BA-8A6C-891E0C2B68AC}"
EndProject
Project("{FAE04EC0-301F-11D3-BF4B-00C04F79EFBC}") = "DFC.App.JobProfile.Webhooks", "DFC.App.JobProfile.Webhooks\DFC.App.JobProfile.Webhooks.csproj", "{A9635E03-9D9E-492B-9573-08386072B91A}"
EndProject
Project("{FAE04EC0-301F-11D3-BF4B-00C04F79EFBC}") = "DFC.App.JobProfile.ContentAPI", "DFC.App.JobProfile.ContentAPI\DFC.App.JobProfile.ContentAPI.csproj", "{FC7BE546-7A65-4F68-97A9-1FDF987F1419}"
EndProject
Project("{FAE04EC0-301F-11D3-BF4B-00C04F79EFBC}") = "DFC.App.Services.Common", "DFC.App.Services.Common\DFC.App.Services.Common.csproj", "{22AC0EE4-F693-42E6-AEA8-3C647586DAAE}"
EndProject
Project("{FAE04EC0-301F-11D3-BF4B-00C04F79EFBC}") = "DFC.App.Services.Common.Tests", "DFC.App.Services.Common.Tests\DFC.App.Services.Common.Tests.csproj", "{5B6B0812-BE05-4D50-A893-A438043ED5AE}"
EndProject
Project("{FAE04EC0-301F-11D3-BF4B-00C04F79EFBC}") = "DFC.App.JobProfile.ViewSupport", "DFC.App.JobProfile.ViewSupport\DFC.App.JobProfile.ViewSupport.csproj", "{49962B8D-65B9-4EAB-82DE-CBBD11657851}"
EndProject
Project("{FAE04EC0-301F-11D3-BF4B-00C04F79EFBC}") = "DFC.App.JobProfile.UnitTests", "DFC.App.JobProfile.UnitTests\DFC.App.JobProfile.UnitTests.csproj", "{7D61AF8F-0EDF-4F5B-B11C-5F9E53E089D3}"
EndProject
Global
	GlobalSection(SolutionConfigurationPlatforms) = preSolution
		Debug|Any CPU = Debug|Any CPU
		Release|Any CPU = Release|Any CPU
	EndGlobalSection
	GlobalSection(ProjectConfigurationPlatforms) = postSolution
		{8FD8EB5A-1255-4B74-8E9D-07344C744C08}.Debug|Any CPU.ActiveCfg = Debug|Any CPU
		{8FD8EB5A-1255-4B74-8E9D-07344C744C08}.Debug|Any CPU.Build.0 = Debug|Any CPU
		{8FD8EB5A-1255-4B74-8E9D-07344C744C08}.Release|Any CPU.ActiveCfg = Release|Any CPU
		{8FD8EB5A-1255-4B74-8E9D-07344C744C08}.Release|Any CPU.Build.0 = Release|Any CPU
		{391DB827-7C35-405B-9635-07543266A21D}.Debug|Any CPU.ActiveCfg = Debug|Any CPU
		{391DB827-7C35-405B-9635-07543266A21D}.Debug|Any CPU.Build.0 = Debug|Any CPU
		{391DB827-7C35-405B-9635-07543266A21D}.Release|Any CPU.ActiveCfg = Release|Any CPU
		{391DB827-7C35-405B-9635-07543266A21D}.Release|Any CPU.Build.0 = Release|Any CPU
		{017252A7-6774-40F6-A3CC-234EC2FC5ED0}.Debug|Any CPU.ActiveCfg = Debug|Any CPU
		{017252A7-6774-40F6-A3CC-234EC2FC5ED0}.Debug|Any CPU.Build.0 = Debug|Any CPU
		{017252A7-6774-40F6-A3CC-234EC2FC5ED0}.Release|Any CPU.ActiveCfg = Release|Any CPU
		{017252A7-6774-40F6-A3CC-234EC2FC5ED0}.Release|Any CPU.Build.0 = Release|Any CPU
		{2AE100F6-E08E-49BA-8A6C-891E0C2B68AC}.Debug|Any CPU.ActiveCfg = Debug|Any CPU
		{2AE100F6-E08E-49BA-8A6C-891E0C2B68AC}.Debug|Any CPU.Build.0 = Debug|Any CPU
		{2AE100F6-E08E-49BA-8A6C-891E0C2B68AC}.Release|Any CPU.ActiveCfg = Release|Any CPU
		{2AE100F6-E08E-49BA-8A6C-891E0C2B68AC}.Release|Any CPU.Build.0 = Release|Any CPU
		{14DC1FC5-B9C8-428C-ABB9-255AE80D7D15}.Debug|Any CPU.ActiveCfg = Debug|Any CPU
		{14DC1FC5-B9C8-428C-ABB9-255AE80D7D15}.Debug|Any CPU.Build.0 = Debug|Any CPU
		{14DC1FC5-B9C8-428C-ABB9-255AE80D7D15}.Release|Any CPU.ActiveCfg = Release|Any CPU
		{14DC1FC5-B9C8-428C-ABB9-255AE80D7D15}.Release|Any CPU.Build.0 = Release|Any CPU
		{A9635E03-9D9E-492B-9573-08386072B91A}.Debug|Any CPU.ActiveCfg = Debug|Any CPU
		{A9635E03-9D9E-492B-9573-08386072B91A}.Debug|Any CPU.Build.0 = Debug|Any CPU
		{A9635E03-9D9E-492B-9573-08386072B91A}.Release|Any CPU.ActiveCfg = Release|Any CPU
		{A9635E03-9D9E-492B-9573-08386072B91A}.Release|Any CPU.Build.0 = Release|Any CPU
		{FC7BE546-7A65-4F68-97A9-1FDF987F1419}.Debug|Any CPU.ActiveCfg = Debug|Any CPU
		{FC7BE546-7A65-4F68-97A9-1FDF987F1419}.Debug|Any CPU.Build.0 = Debug|Any CPU
		{FC7BE546-7A65-4F68-97A9-1FDF987F1419}.Release|Any CPU.ActiveCfg = Release|Any CPU
		{FC7BE546-7A65-4F68-97A9-1FDF987F1419}.Release|Any CPU.Build.0 = Release|Any CPU
		{22AC0EE4-F693-42E6-AEA8-3C647586DAAE}.Debug|Any CPU.ActiveCfg = Debug|Any CPU
		{22AC0EE4-F693-42E6-AEA8-3C647586DAAE}.Debug|Any CPU.Build.0 = Debug|Any CPU
		{22AC0EE4-F693-42E6-AEA8-3C647586DAAE}.Release|Any CPU.ActiveCfg = Release|Any CPU
		{22AC0EE4-F693-42E6-AEA8-3C647586DAAE}.Release|Any CPU.Build.0 = Release|Any CPU
		{5B6B0812-BE05-4D50-A893-A438043ED5AE}.Debug|Any CPU.ActiveCfg = Debug|Any CPU
		{5B6B0812-BE05-4D50-A893-A438043ED5AE}.Debug|Any CPU.Build.0 = Debug|Any CPU
		{5B6B0812-BE05-4D50-A893-A438043ED5AE}.Release|Any CPU.ActiveCfg = Release|Any CPU
		{5B6B0812-BE05-4D50-A893-A438043ED5AE}.Release|Any CPU.Build.0 = Release|Any CPU
		{49962B8D-65B9-4EAB-82DE-CBBD11657851}.Debug|Any CPU.ActiveCfg = Debug|Any CPU
		{49962B8D-65B9-4EAB-82DE-CBBD11657851}.Debug|Any CPU.Build.0 = Debug|Any CPU
		{49962B8D-65B9-4EAB-82DE-CBBD11657851}.Release|Any CPU.ActiveCfg = Release|Any CPU
		{49962B8D-65B9-4EAB-82DE-CBBD11657851}.Release|Any CPU.Build.0 = Release|Any CPU
		{7D61AF8F-0EDF-4F5B-B11C-5F9E53E089D3}.Debug|Any CPU.ActiveCfg = Debug|Any CPU
		{7D61AF8F-0EDF-4F5B-B11C-5F9E53E089D3}.Debug|Any CPU.Build.0 = Debug|Any CPU
		{7D61AF8F-0EDF-4F5B-B11C-5F9E53E089D3}.Release|Any CPU.ActiveCfg = Release|Any CPU
		{7D61AF8F-0EDF-4F5B-B11C-5F9E53E089D3}.Release|Any CPU.Build.0 = Release|Any CPU
	EndGlobalSection
	GlobalSection(SolutionProperties) = preSolution
		HideSolutionNode = FALSE
	EndGlobalSection
	GlobalSection(NestedProjects) = preSolution
		{5B6B0812-BE05-4D50-A893-A438043ED5AE} = {89AE2C55-7A1D-46EA-8C08-36C3D225B562}
		{7D61AF8F-0EDF-4F5B-B11C-5F9E53E089D3} = {89AE2C55-7A1D-46EA-8C08-36C3D225B562}
	EndGlobalSection
	GlobalSection(ExtensibilityGlobals) = postSolution
		SolutionGuid = {ED3C7131-FE57-4FB5-ADDB-18D199004BEE}
	EndGlobalSection
EndGlobal
